github.com/Planxnx/discordBot-Golang v0.0.0-20200614172256-0d7b9cb85897 h1:8d37r+p4Oc0J3XYzW0P3OCYkK6UI5Vihm9swrKh87Bw=
github.com/Planxnx/discordBot-Golang v0.0.0-20200614172256-0d7b9cb85897/go.mod h1:BP0xv7GjS9+bhk0HofJBanuNWakHXN3CqyTABAYqKBU=
github.com/bwmarrin/dgvoice v0.0.0-20170706020935-3c939eca8b2f h1:8uSq7GLWVH4p4UV6zhP4rGQRt6Fv/WEg8w560Fiu7ls=
github.com/bwmarrin/dgvoice v0.0.0-20170706020935-3c939eca8b2f/go.mod h1:DT3heoMAQGrOExZ3Rb3TBOQ4Bm+wD4H48KFnt1YfLoQ=
github.com/bwmarrin/discordgo v0.21.1 h1:UI2PWwzvn5IFuscYcDc6QB/duhs9MUIjQ4HclcIZisc=
github.com/bwmarrin/discordgo v0.21.1/go.mod h1:c1WtWUGN6nREDmzIpyTp/iD3VYt4Fpx+bVyfBG7JE+M=
github.com/davecgh/go-spew v1.1.0/go.mod h1:J7Y8YcW2NihsgmVo/mv3lAwl/skON4iLHjSsI+c5H38=
github.com/gorilla/websocket v1.4.0 h1:WDFjx/TMzVgy9VdMMQi2K2Emtwi2QcUQsztZ/zLaH/Q=
github.com/gorilla/websocket v1.4.0/go.mod h1:E7qHFY5m1UJ88s3WnNqhKjPHQ0heANvMoAMk2YaljkQ=
github.com/howeyc/fsnotify v0.9.0 h1:0gtV5JmOKH4A8SsFxG2BczSeXWWPvcMT0euZt5gDAxY=
github.com/howeyc/fsnotify v0.9.0/go.mod h1:41HzSPxBGeFRQKEEwgh49TRw/nKBsYZ2cF1OzPjSJsA=
github.com/joho/godotenv v1.3.0 h1:Zjp+RcGpHhGlrMbJzXTrZZPrWj+1vfm90La1wgB6Bhc=
github.com/joho/godotenv v1.3.0/go.mod h1:7hK45KPybAkOC6peb+G5yklZfMxEjkZhHbwpqxOKXbg=
github.com/mattn/go-colorable v0.1.6 h1:6Su7aK7lXmJ/U79bYtBjLNaha4Fs1Rg9plHpcH+vvnE=
github.com/mattn/go-colorable v0.1.6/go.mod h1:u6P/XSegPjTcexA+o6vUJrdnUu04hMope9wVRipJSqc=
github.com/mattn/go-isatty v0.0.12 h1:wuysRhFDzyxgEmMf5xjvJ2M9dZoWAXNNr5LSBS7uHXY=
github.com/mattn/go-isatty v0.0.12/go.mod h1:cbi8OIDigv2wuxKPP5vlRcQ1OAZbq2CE4Kysco4FUpU=
github.com/nareix/joy4 v0.0.0-20200507095837-05a4ffbb5369 h1:Yp0zFEufLz0H7jzffb4UPXijavlyqlYeOg7dcyVUNnQ=
github.com/nareix/joy4 v0.0.0-20200507095837-05a4ffbb5369/go.mod h1:aFJ1ZwLjvHN4yEzE5Bkz8rD8/d8Vlj3UIuvz2yfET7I=
github.com/pilu/config v0.0.0-20131214182432-3eb99e6c0b9a h1:Tg4E4cXPZSZyd3H1tJlYo6ZreXV0ZJvE/lorNqyw1AU=
github.com/pilu/config v0.0.0-20131214182432-3eb99e6c0b9a/go.mod h1:9Or9aIl95Kp43zONcHd5tLZGKXb9iLx0pZjau0uJ5zg=
github.com/pilu/fresh v0.0.0-20190826141211-0fa698148017 h1:XXDLZIIt9NqdeIEva0DM+z1npM0Tsx6h5TYqwNvXfP0=
github.com/pilu/fresh v0.0.0-20190826141211-0fa698148017/go.mod h1:2LLTtftTZSdAPR/iVyennXZDLZOYzyDn+T0qEKJ8eSw=
github.com/pmezard/go-difflib v1.0.0/go.mod h1:iKH77koFhYxTK1pcRnkKkqfTogsbg7gZNVY4sRDYZ/4=
github.com/slimsag/rand v0.0.0-20160325092440-f1e8d464c002 h1:sHjf8hoPsNXZrv5ifOcyLuUYf4qMdrr102VhHp1AoX4=
github.com/slimsag/rand v0.0.0-20160325092440-f1e8d464c002/go.mod h1:58RVJZcio4fSOTHs4n5VWIJyP94NfJchgrk3rB5OZvE=
github.com/stretchr/objx v0.1.0/go.mod h1:HFkY916IF+rwdDfMAkV7OtwuqBVzrE8GR6GFx+wExME=
github.com/stretchr/testify v1.5.1/go.mod h1:5W2xD1RspED5o8YsWQXVCued0rvSQ+mT+I5cxcmMvtA=
github.com/xfrr/goffmpeg v0.0.0-20200624145540-fb3f88b1924e h1:S2aRsA2j8F+0uESlKpifwIu+pb2m/7nYfOcGOcd9BpA=
github.com/xfrr/goffmpeg v0.0.0-20200624145540-fb3f88b1924e/go.mod h1:fVs4qpwtgjOHD31cTmdHppcr/6vD8QHrAVAu2jTSVFI=
golang.org/x/crypto v0.0.0-20181030102418-4d3f4d9ffa16 h1:y6ce7gCWtnH+m3dCjzQ1PCuwl28DDIc3VNnvY29DlIA=
golang.org/x/crypto v0.0.0-20181030102418-4d3f4d9ffa16/go.mod h1:6SG95UA2DQfeDnfUPMdvaQW0Q7yPrPDi9nlGo2tz2b4=
golang.org/x/sys v0.0.0-20200116001909-b77594299b42/go.mod h1:h1NjWce9XRLGQEsW7wpKNCjG9DtNlClVuFLEZdDNbEs=
golang.org/x/sys v0.0.0-20200223170610-d5e6a3e2c0ae h1:/WDfKMnPU+m5M4xB+6x4kaepxRw6jWvR5iDRdvjHgy8=
golang.org/x/sys v0.0.0-20200223170610-d5e6a3e2c0ae/go.mod h1:h1NjWce9XRLGQEsW7wpKNCjG9DtNlClVuFLEZdDNbEs=
gopkg.in/check.v1 v0.0.0-20161208181325-20d25e280405/go.mod h1:Co6ibVJAznAaIkqp8huTwlJQCZ016jof/cbN4VW5Yz0=
gopkg.in/yaml.v2 v2.2.2/go.mod h1:hI93XBmqTisBFMUTm0b8Fm+jr3Dg1NNxqwp+5A1VGuI=
layeh.com/gopus v0.0.0-20161224163843-0ebf989153aa h1:WNU4LYsgD2UHxgKgB36mL6iMAMOvr127alafSlgBbiA=
layeh.com/gopus v0.0.0-20161224163843-0ebf989153aa/go.mod h1:AOef7vHz0+v4sWwJnr0jSyHiX/1NgsMoaxl+rEPz/I0=
